// !$*UTF8*$!
{
	archiveVersion = 1;
	classes = {
	};
	objectVersion = 55;
	objects = {

/* Begin PBXBuildFile section */
		BD0EDF0A28941C740060F054 /* AppDelegate.swift in Sources */ = {isa = PBXBuildFile; fileRef = BD0EDF0928941C740060F054 /* AppDelegate.swift */; };
		BD0EDF0C28941C740060F054 /* SceneDelegate.swift in Sources */ = {isa = PBXBuildFile; fileRef = BD0EDF0B28941C740060F054 /* SceneDelegate.swift */; };
		BD0EDF1128941C740060F054 /* Main.storyboard in Resources */ = {isa = PBXBuildFile; fileRef = BD0EDF0F28941C740060F054 /* Main.storyboard */; };
		BD0EDF1428941C740060F054 /* todolistproject.xcdatamodeld in Sources */ = {isa = PBXBuildFile; fileRef = BD0EDF1228941C740060F054 /* todolistproject.xcdatamodeld */; };
		BD0EDF1628941C750060F054 /* Assets.xcassets in Resources */ = {isa = PBXBuildFile; fileRef = BD0EDF1528941C750060F054 /* Assets.xcassets */; };
		BD0EDF1928941C750060F054 /* LaunchScreen.storyboard in Resources */ = {isa = PBXBuildFile; fileRef = BD0EDF1728941C750060F054 /* LaunchScreen.storyboard */; };
		BD0EDF2428941C750060F054 /* todolistprojectTests.swift in Sources */ = {isa = PBXBuildFile; fileRef = BD0EDF2328941C750060F054 /* todolistprojectTests.swift */; };
		BD0EDF2E28941C750060F054 /* todolistprojectUITests.swift in Sources */ = {isa = PBXBuildFile; fileRef = BD0EDF2D28941C750060F054 /* todolistprojectUITests.swift */; };
		BD0EDF3028941C750060F054 /* todolistprojectUITestsLaunchTests.swift in Sources */ = {isa = PBXBuildFile; fileRef = BD0EDF2F28941C750060F054 /* todolistprojectUITestsLaunchTests.swift */; };
		BD0EDF3D289423BF0060F054 /* ToDoTableViewController.swift in Sources */ = {isa = PBXBuildFile; fileRef = BD0EDF3C289423BF0060F054 /* ToDoTableViewController.swift */; };
		BD0EDF3F2894249B0060F054 /* ToDo .swift in Sources */ = {isa = PBXBuildFile; fileRef = BD0EDF3E2894249B0060F054 /* ToDo .swift */; };
		BD0EDF43289450940060F054 /* AddToDoViewController.swift in Sources */ = {isa = PBXBuildFile; fileRef = BD0EDF42289450940060F054 /* AddToDoViewController.swift */; };
/* End PBXBuildFile section */

/* Begin PBXContainerItemProxy section */
		BD0EDF2028941C750060F054 /* PBXContainerItemProxy */ = {
			isa = PBXContainerItemProxy;
			containerPortal = BD0EDEFE28941C730060F054 /* Project object */;
			proxyType = 1;
			remoteGlobalIDString = BD0EDF0528941C740060F054;
			remoteInfo = todolistproject;
		};
		BD0EDF2A28941C750060F054 /* PBXContainerItemProxy */ = {
			isa = PBXContainerItemProxy;
			containerPortal = BD0EDEFE28941C730060F054 /* Project object */;
			proxyType = 1;
			remoteGlobalIDString = BD0EDF0528941C740060F054;
			remoteInfo = todolistproject;
		};
/* End PBXContainerItemProxy section */

/* Begin PBXFileReference section */
		BD0EDF0628941C740060F054 /* todolistproject.app */ = {isa = PBXFileReference; explicitFileType = wrapper.application; includeInIndex = 0; path = todolistproject.app; sourceTree = BUILT_PRODUCTS_DIR; };
		BD0EDF0928941C740060F054 /* AppDelegate.swift */ = {isa = PBXFileReference; lastKnownFileType = sourcecode.swift; path = AppDelegate.swift; sourceTree = "<group>"; };
		BD0EDF0B28941C740060F054 /* SceneDelegate.swift */ = {isa = PBXFileReference; lastKnownFileType = sourcecode.swift; path = SceneDelegate.swift; sourceTree = "<group>"; };
		BD0EDF1028941C740060F054 /* Base */ = {isa = PBXFileReference; lastKnownFileType = file.storyboard; name = Base; path = Base.lproj/Main.storyboard; sourceTree = "<group>"; };
		BD0EDF1328941C740060F054 /* todolistproject.xcdatamodel */ = {isa = PBXFileReference; lastKnownFileType = wrapper.xcdatamodel; path = todolistproject.xcdatamodel; sourceTree = "<group>"; };
		BD0EDF1528941C750060F054 /* Assets.xcassets */ = {isa = PBXFileReference; lastKnownFileType = folder.assetcatalog; path = Assets.xcassets; sourceTree = "<group>"; };
		BD0EDF1828941C750060F054 /* Base */ = {isa = PBXFileReference; lastKnownFileType = file.storyboard; name = Base; path = Base.lproj/LaunchScreen.storyboard; sourceTree = "<group>"; };
		BD0EDF1A28941C750060F054 /* Info.plist */ = {isa = PBXFileReference; lastKnownFileType = text.plist.xml; path = Info.plist; sourceTree = "<group>"; };
		BD0EDF1F28941C750060F054 /* todolistprojectTests.xctest */ = {isa = PBXFileReference; explicitFileType = wrapper.cfbundle; includeInIndex = 0; path = todolistprojectTests.xctest; sourceTree = BUILT_PRODUCTS_DIR; };
		BD0EDF2328941C750060F054 /* todolistprojectTests.swift */ = {isa = PBXFileReference; lastKnownFileType = sourcecode.swift; path = todolistprojectTests.swift; sourceTree = "<group>"; };
		BD0EDF2928941C750060F054 /* todolistprojectUITests.xctest */ = {isa = PBXFileReference; explicitFileType = wrapper.cfbundle; includeInIndex = 0; path = todolistprojectUITests.xctest; sourceTree = BUILT_PRODUCTS_DIR; };
		BD0EDF2D28941C750060F054 /* todolistprojectUITests.swift */ = {isa = PBXFileReference; lastKnownFileType = sourcecode.swift; path = todolistprojectUITests.swift; sourceTree = "<group>"; };
		BD0EDF2F28941C750060F054 /* todolistprojectUITestsLaunchTests.swift */ = {isa = PBXFileReference; lastKnownFileType = sourcecode.swift; path = todolistprojectUITestsLaunchTests.swift; sourceTree = "<group>"; };
		BD0EDF3C289423BF0060F054 /* ToDoTableViewController.swift */ = {isa = PBXFileReference; lastKnownFileType = sourcecode.swift; path = ToDoTableViewController.swift; sourceTree = "<group>"; };
		BD0EDF3E2894249B0060F054 /* ToDo .swift */ = {isa = PBXFileReference; lastKnownFileType = sourcecode.swift; path = "ToDo .swift"; sourceTree = "<group>"; };
		BD0EDF42289450940060F054 /* AddToDoViewController.swift */ = {isa = PBXFileReference; lastKnownFileType = sourcecode.swift; path = AddToDoViewController.swift; sourceTree = "<group>"; };
/* End PBXFileReference section */

/* Begin PBXFrameworksBuildPhase section */
		BD0EDF0328941C740060F054 /* Frameworks */ = {
			isa = PBXFrameworksBuildPhase;
			buildActionMask = 2147483647;
			files = (
			);
			runOnlyForDeploymentPostprocessing = 0;
		};
		BD0EDF1C28941C750060F054 /* Frameworks */ = {
			isa = PBXFrameworksBuildPhase;
			buildActionMask = 2147483647;
			files = (
			);
			runOnlyForDeploymentPostprocessing = 0;
		};
		BD0EDF2628941C750060F054 /* Frameworks */ = {
			isa = PBXFrameworksBuildPhase;
			buildActionMask = 2147483647;
			files = (
			);
			runOnlyForDeploymentPostprocessing = 0;
		};
/* End PBXFrameworksBuildPhase section */

/* Begin PBXGroup section */
		BD0EDEFD28941C730060F054 = {
			isa = PBXGroup;
			children = (
				BD0EDF0828941C740060F054 /* todolistproject */,
				BD0EDF2228941C750060F054 /* todolistprojectTests */,
				BD0EDF2C28941C750060F054 /* todolistprojectUITests */,
				BD0EDF0728941C740060F054 /* Products */,
			);
			sourceTree = "<group>";
		};
		BD0EDF0728941C740060F054 /* Products */ = {
			isa = PBXGroup;
			children = (
				BD0EDF0628941C740060F054 /* todolistproject.app */,
				BD0EDF1F28941C750060F054 /* todolistprojectTests.xctest */,
				BD0EDF2928941C750060F054 /* todolistprojectUITests.xctest */,
			);
			name = Products;
			sourceTree = "<group>";
		};
		BD0EDF0828941C740060F054 /* todolistproject */ = {
			isa = PBXGroup;
			children = (
				BD0EDF0928941C740060F054 /* AppDelegate.swift */,
				BD0EDF0B28941C740060F054 /* SceneDelegate.swift */,
				BD0EDF0F28941C740060F054 /* Main.storyboard */,
				BD0EDF42289450940060F054 /* AddToDoViewController.swift */,
				BD0EDF3E2894249B0060F054 /* ToDo .swift */,
				BD0EDF3C289423BF0060F054 /* ToDoTableViewController.swift */,
				BD0EDF1528941C750060F054 /* Assets.xcassets */,
				BD0EDF1728941C750060F054 /* LaunchScreen.storyboard */,
				BD0EDF1A28941C750060F054 /* Info.plist */,
				BD0EDF1228941C740060F054 /* todolistproject.xcdatamodeld */,
			);
			path = todolistproject;
			sourceTree = "<group>";
		};
		BD0EDF2228941C750060F054 /* todolistprojectTests */ = {
			isa = PBXGroup;
			children = (
				BD0EDF2328941C750060F054 /* todolistprojectTests.swift */,
			);
			path = todolistprojectTests;
			sourceTree = "<group>";
		};
		BD0EDF2C28941C750060F054 /* todolistprojectUITests */ = {
			isa = PBXGroup;
			children = (
				BD0EDF2D28941C750060F054 /* todolistprojectUITests.swift */,
				BD0EDF2F28941C750060F054 /* todolistprojectUITestsLaunchTests.swift */,
			);
			path = todolistprojectUITests;
			sourceTree = "<group>";
		};
/* End PBXGroup section */

/* Begin PBXNativeTarget section */
		BD0EDF0528941C740060F054 /* todolistproject */ = {
			isa = PBXNativeTarget;
			buildConfigurationList = BD0EDF3328941C750060F054 /* Build configuration list for PBXNativeTarget "todolistproject" */;
			buildPhases = (
				BD0EDF0228941C740060F054 /* Sources */,
				BD0EDF0328941C740060F054 /* Frameworks */,
				BD0EDF0428941C740060F054 /* Resources */,
			);
			buildRules = (
			);
			dependencies = (
			);
			name = todolistproject;
			productName = todolistproject;
			productReference = BD0EDF0628941C740060F054 /* todolistproject.app */;
			productType = "com.apple.product-type.application";
		};
		BD0EDF1E28941C750060F054 /* todolistprojectTests */ = {
			isa = PBXNativeTarget;
			buildConfigurationList = BD0EDF3628941C750060F054 /* Build configuration list for PBXNativeTarget "todolistprojectTests" */;
			buildPhases = (
				BD0EDF1B28941C750060F054 /* Sources */,
				BD0EDF1C28941C750060F054 /* Frameworks */,
				BD0EDF1D28941C750060F054 /* Resources */,
			);
			buildRules = (
			);
			dependencies = (
				BD0EDF2128941C750060F054 /* PBXTargetDependency */,
			);
			name = todolistprojectTests;
			productName = todolistprojectTests;
			productReference = BD0EDF1F28941C750060F054 /* todolistprojectTests.xctest */;
			productType = "com.apple.product-type.bundle.unit-test";
		};
		BD0EDF2828941C750060F054 /* todolistprojectUITests */ = {
			isa = PBXNativeTarget;
			buildConfigurationList = BD0EDF3928941C750060F054 /* Build configuration list for PBXNativeTarget "todolistprojectUITests" */;
			buildPhases = (
				BD0EDF2528941C750060F054 /* Sources */,
				BD0EDF2628941C750060F054 /* Frameworks */,
				BD0EDF2728941C750060F054 /* Resources */,
			);
			buildRules = (
			);
			dependencies = (
				BD0EDF2B28941C750060F054 /* PBXTargetDependency */,
			);
			name = todolistprojectUITests;
			productName = todolistprojectUITests;
			productReference = BD0EDF2928941C750060F054 /* todolistprojectUITests.xctest */;
			productType = "com.apple.product-type.bundle.ui-testing";
		};
/* End PBXNativeTarget section */

/* Begin PBXProject section */
		BD0EDEFE28941C730060F054 /* Project object */ = {
			isa = PBXProject;
			attributes = {
				BuildIndependentTargetsInParallel = 1;
				LastSwiftUpdateCheck = 1340;
				LastUpgradeCheck = 1340;
				TargetAttributes = {
					BD0EDF0528941C740060F054 = {
						CreatedOnToolsVersion = 13.4.1;
					};
					BD0EDF1E28941C750060F054 = {
						CreatedOnToolsVersion = 13.4.1;
						TestTargetID = BD0EDF0528941C740060F054;
					};
					BD0EDF2828941C750060F054 = {
						CreatedOnToolsVersion = 13.4.1;
						TestTargetID = BD0EDF0528941C740060F054;
					};
				};
			};
			buildConfigurationList = BD0EDF0128941C730060F054 /* Build configuration list for PBXProject "todolistproject" */;
			compatibilityVersion = "Xcode 13.0";
			developmentRegion = en;
			hasScannedForEncodings = 0;
			knownRegions = (
				en,
				Base,
			);
			mainGroup = BD0EDEFD28941C730060F054;
			productRefGroup = BD0EDF0728941C740060F054 /* Products */;
			projectDirPath = "";
			projectRoot = "";
			targets = (
				BD0EDF0528941C740060F054 /* todolistproject */,
				BD0EDF1E28941C750060F054 /* todolistprojectTests */,
				BD0EDF2828941C750060F054 /* todolistprojectUITests */,
			);
		};
/* End PBXProject section */

/* Begin PBXResourcesBuildPhase section */
		BD0EDF0428941C740060F054 /* Resources */ = {
			isa = PBXResourcesBuildPhase;
			buildActionMask = 2147483647;
			files = (
				BD0EDF1928941C750060F054 /* LaunchScreen.storyboard in Resources */,
				BD0EDF1628941C750060F054 /* Assets.xcassets in Resources */,
				BD0EDF1128941C740060F054 /* Main.storyboard in Resources */,
			);
			runOnlyForDeploymentPostprocessing = 0;
		};
		BD0EDF1D28941C750060F054 /* Resources */ = {
			isa = PBXResourcesBuildPhase;
			buildActionMask = 2147483647;
			files = (
			);
			runOnlyForDeploymentPostprocessing = 0;
		};
		BD0EDF2728941C750060F054 /* Resources */ = {
			isa = PBXResourcesBuildPhase;
			buildActionMask = 2147483647;
			files = (
			);
			runOnlyForDeploymentPostprocessing = 0;
		};
/* End PBXResourcesBuildPhase section */

/* Begin PBXSourcesBuildPhase section */
		BD0EDF0228941C740060F054 /* Sources */ = {
			isa = PBXSourcesBuildPhase;
			buildActionMask = 2147483647;
			files = (
				BD0EDF3F2894249B0060F054 /* ToDo .swift in Sources */,
				BD0EDF1428941C740060F054 /* todolistproject.xcdatamodeld in Sources */,
				BD0EDF3D289423BF0060F054 /* ToDoTableViewController.swift in Sources */,
				BD0EDF0A28941C740060F054 /* AppDelegate.swift in Sources */,
				BD0EDF43289450940060F054 /* AddToDoViewController.swift in Sources */,
				BD0EDF0C28941C740060F054 /* SceneDelegate.swift in Sources */,
			);
			runOnlyForDeploymentPostprocessing = 0;
		};
		BD0EDF1B28941C750060F054 /* Sources */ = {
			isa = PBXSourcesBuildPhase;
			buildActionMask = 2147483647;
			files = (
				BD0EDF2428941C750060F054 /* todolistprojectTests.swift in Sources */,
			);
			runOnlyForDeploymentPostprocessing = 0;
		};
		BD0EDF2528941C750060F054 /* Sources */ = {
			isa = PBXSourcesBuildPhase;
			buildActionMask = 2147483647;
			files = (
				BD0EDF3028941C750060F054 /* todolistprojectUITestsLaunchTests.swift in Sources */,
				BD0EDF2E28941C750060F054 /* todolistprojectUITests.swift in Sources */,
			);
			runOnlyForDeploymentPostprocessing = 0;
		};
/* End PBXSourcesBuildPhase section */

/* Begin PBXTargetDependency section */
		BD0EDF2128941C750060F054 /* PBXTargetDependency */ = {
			isa = PBXTargetDependency;
			target = BD0EDF0528941C740060F054 /* todolistproject */;
			targetProxy = BD0EDF2028941C750060F054 /* PBXContainerItemProxy */;
		};
		BD0EDF2B28941C750060F054 /* PBXTargetDependency */ = {
			isa = PBXTargetDependency;
			target = BD0EDF0528941C740060F054 /* todolistproject */;
			targetProxy = BD0EDF2A28941C750060F054 /* PBXContainerItemProxy */;
		};
/* End PBXTargetDependency section */

/* Begin PBXVariantGroup section */
		BD0EDF0F28941C740060F054 /* Main.storyboard */ = {
			isa = PBXVariantGroup;
			children = (
				BD0EDF1028941C740060F054 /* Base */,
			);
			name = Main.storyboard;
			sourceTree = "<group>";
		};
		BD0EDF1728941C750060F054 /* LaunchScreen.storyboard */ = {
			isa = PBXVariantGroup;
			children = (
				BD0EDF1828941C750060F054 /* Base */,
			);
			name = LaunchScreen.storyboard;
			sourceTree = "<group>";
		};
/* End PBXVariantGroup section */

/* Begin XCBuildConfiguration section */
		BD0EDF3128941C750060F054 /* Debug */ = {
			isa = XCBuildConfiguration;
			buildSettings = {
				ALWAYS_SEARCH_USER_PATHS = NO;
				CLANG_ANALYZER_NONNULL = YES;
				CLANG_ANALYZER_NUMBER_OBJECT_CONVERSION = YES_AGGRESSIVE;
				CLANG_CXX_LANGUAGE_STANDARD = "gnu++17";
				CLANG_ENABLE_MODULES = YES;
				CLANG_ENABLE_OBJC_ARC = YES;
				CLANG_ENABLE_OBJC_WEAK = YES;
				CLANG_WARN_BLOCK_CAPTURE_AUTORELEASING = YES;
				CLANG_WARN_BOOL_CONVERSION = YES;
				CLANG_WARN_COMMA = YES;
				CLANG_WARN_CONSTANT_CONVERSION = YES;
				CLANG_WARN_DEPRECATED_OBJC_IMPLEMENTATIONS = YES;
				CLANG_WARN_DIRECT_OBJC_ISA_USAGE = YES_ERROR;
				CLANG_WARN_DOCUMENTATION_COMMENTS = YES;
				CLANG_WARN_EMPTY_BODY = YES;
				CLANG_WARN_ENUM_CONVERSION = YES;
				CLANG_WARN_INFINITE_RECURSION = YES;
				CLANG_WARN_INT_CONVERSION = YES;
				CLANG_WARN_NON_LITERAL_NULL_CONVERSION = YES;
				CLANG_WARN_OBJC_IMPLICIT_RETAIN_SELF = YES;
				CLANG_WARN_OBJC_LITERAL_CONVERSION = YES;
				CLANG_WARN_OBJC_ROOT_CLASS = YES_ERROR;
				CLANG_WARN_QUOTED_INCLUDE_IN_FRAMEWORK_HEADER = YES;
				CLANG_WARN_RANGE_LOOP_ANALYSIS = YES;
				CLANG_WARN_STRICT_PROTOTYPES = YES;
				CLANG_WARN_SUSPICIOUS_MOVE = YES;
				CLANG_WARN_UNGUARDED_AVAILABILITY = YES_AGGRESSIVE;
				CLANG_WARN_UNREACHABLE_CODE = YES;
				CLANG_WARN__DUPLICATE_METHOD_MATCH = YES;
				COPY_PHASE_STRIP = NO;
				DEBUG_INFORMATION_FORMAT = dwarf;
				ENABLE_STRICT_OBJC_MSGSEND = YES;
				ENABLE_TESTABILITY = YES;
				GCC_C_LANGUAGE_STANDARD = gnu11;
				GCC_DYNAMIC_NO_PIC = NO;
				GCC_NO_COMMON_BLOCKS = YES;
				GCC_OPTIMIZATION_LEVEL = 0;
				GCC_PREPROCESSOR_DEFINITIONS = (
					"DEBUG=1",
					"$(inherited)",
				);
				GCC_WARN_64_TO_32_BIT_CONVERSION = YES;
				GCC_WARN_ABOUT_RETURN_TYPE = YES_ERROR;
				GCC_WARN_UNDECLARED_SELECTOR = YES;
				GCC_WARN_UNINITIALIZED_AUTOS = YES_AGGRESSIVE;
				GCC_WARN_UNUSED_FUNCTION = YES;
				GCC_WARN_UNUSED_VARIABLE = YES;
				IPHONEOS_DEPLOYMENT_TARGET = 15.5;
				MTL_ENABLE_DEBUG_INFO = INCLUDE_SOURCE;
				MTL_FAST_MATH = YES;
				ONLY_ACTIVE_ARCH = YES;
				SDKROOT = iphoneos;
				SWIFT_ACTIVE_COMPILATION_CONDITIONS = DEBUG;
				SWIFT_OPTIMIZATION_LEVEL = "-Onone";
			};
			name = Debug;
		};
		BD0EDF3228941C750060F054 /* Release */ = {
			isa = XCBuildConfiguration;
			buildSettings = {
				ALWAYS_SEARCH_USER_PATHS = NO;
				CLANG_ANALYZER_NONNULL = YES;
				CLANG_ANALYZER_NUMBER_OBJECT_CONVERSION = YES_AGGRESSIVE;
				CLANG_CXX_LANGUAGE_STANDARD = "gnu++17";
				CLANG_ENABLE_MODULES = YES;
				CLANG_ENABLE_OBJC_ARC = YES;
				CLANG_ENABLE_OBJC_WEAK = YES;
				CLANG_WARN_BLOCK_CAPTURE_AUTORELEASING = YES;
				CLANG_WARN_BOOL_CONVERSION = YES;
				CLANG_WARN_COMMA = YES;
				CLANG_WARN_CONSTANT_CONVERSION = YES;
				CLANG_WARN_DEPRECATED_OBJC_IMPLEMENTATIONS = YES;
				CLANG_WARN_DIRECT_OBJC_ISA_USAGE = YES_ERROR;
				CLANG_WARN_DOCUMENTATION_COMMENTS = YES;
				CLANG_WARN_EMPTY_BODY = YES;
				CLANG_WARN_ENUM_CONVERSION = YES;
				CLANG_WARN_INFINITE_RECURSION = YES;
				CLANG_WARN_INT_CONVERSION = YES;
				CLANG_WARN_NON_LITERAL_NULL_CONVERSION = YES;
				CLANG_WARN_OBJC_IMPLICIT_RETAIN_SELF = YES;
				CLANG_WARN_OBJC_LITERAL_CONVERSION = YES;
				CLANG_WARN_OBJC_ROOT_CLASS = YES_ERROR;
				CLANG_WARN_QUOTED_INCLUDE_IN_FRAMEWORK_HEADER = YES;
				CLANG_WARN_RANGE_LOOP_ANALYSIS = YES;
				CLANG_WARN_STRICT_PROTOTYPES = YES;
				CLANG_WARN_SUSPICIOUS_MOVE = YES;
				CLANG_WARN_UNGUARDED_AVAILABILITY = YES_AGGRESSIVE;
				CLANG_WARN_UNREACHABLE_CODE = YES;
				CLANG_WARN__DUPLICATE_METHOD_MATCH = YES;
				COPY_PHASE_STRIP = NO;
				DEBUG_INFORMATION_FORMAT = "dwarf-with-dsym";
				ENABLE_NS_ASSERTIONS = NO;
				ENABLE_STRICT_OBJC_MSGSEND = YES;
				GCC_C_LANGUAGE_STANDARD = gnu11;
				GCC_NO_COMMON_BLOCKS = YES;
				GCC_WARN_64_TO_32_BIT_CONVERSION = YES;
				GCC_WARN_ABOUT_RETURN_TYPE = YES_ERROR;
				GCC_WARN_UNDECLARED_SELECTOR = YES;
				GCC_WARN_UNINITIALIZED_AUTOS = YES_AGGRESSIVE;
				GCC_WARN_UNUSED_FUNCTION = YES;
				GCC_WARN_UNUSED_VARIABLE = YES;
				IPHONEOS_DEPLOYMENT_TARGET = 15.5;
				MTL_ENABLE_DEBUG_INFO = NO;
				MTL_FAST_MATH = YES;
				SDKROOT = iphoneos;
				SWIFT_COMPILATION_MODE = wholemodule;
				SWIFT_OPTIMIZATION_LEVEL = "-O";
				VALIDATE_PRODUCT = YES;
			};
			name = Release;
		};
		BD0EDF3428941C750060F054 /* Debug */ = {
			isa = XCBuildConfiguration;
			buildSettings = {
				ASSETCATALOG_COMPILER_APPICON_NAME = AppIcon;
				ASSETCATALOG_COMPILER_GLOBAL_ACCENT_COLOR_NAME = AccentColor;
				CODE_SIGN_STYLE = Automatic;
				CURRENT_PROJECT_VERSION = 1;
				GENERATE_INFOPLIST_FILE = YES;
				INFOPLIST_FILE = todolistproject/Info.plist;
				INFOPLIST_KEY_UIApplicationSupportsIndirectInputEvents = YES;
				INFOPLIST_KEY_UILaunchStoryboardName = LaunchScreen;
				INFOPLIST_KEY_UIMainStoryboardFile = Main;
				INFOPLIST_KEY_UISupportedInterfaceOrientations_iPad = "UIInterfaceOrientationPortrait UIInterfaceOrientationPortraitUpsideDown UIInterfaceOrientationLandscapeLeft UIInterfaceOrientationLandscapeRight";
				INFOPLIST_KEY_UISupportedInterfaceOrientations_iPhone = "UIInterfaceOrientationPortrait UIInterfaceOrientationLandscapeLeft UIInterfaceOrientationLandscapeRight";
				LD_RUNPATH_SEARCH_PATHS = (
					"$(inherited)",
					"@executable_path/Frameworks",
				);
				MARKETING_VERSION = 1.0;
				PRODUCT_BUNDLE_IDENTIFIER = kwk.todolistproject;
				PRODUCT_NAME = "$(TARGET_NAME)";
				SWIFT_EMIT_LOC_STRINGS = YES;
				SWIFT_VERSION = 5.0;
				TARGETED_DEVICE_FAMILY = "1,2";
			};
			name = Debug;
		};
		BD0EDF3528941C750060F054 /* Release */ = {
			isa = XCBuildConfiguration;
			buildSettings = {
				ASSETCATALOG_COMPILER_APPICON_NAME = AppIcon;
				ASSETCATALOG_COMPILER_GLOBAL_ACCENT_COLOR_NAME = AccentColor;
				CODE_SIGN_STYLE = Automatic;
				CURRENT_PROJECT_VERSION = 1;
				GENERATE_INFOPLIST_FILE = YES;
				INFOPLIST_FILE = todolistproject/Info.plist;
				INFOPLIST_KEY_UIApplicationSupportsIndirectInputEvents = YES;
				INFOPLIST_KEY_UILaunchStoryboardName = LaunchScreen;
				INFOPLIST_KEY_UIMainStoryboardFile = Main;
				INFOPLIST_KEY_UISupportedInterfaceOrientations_iPad = "UIInterfaceOrientationPortrait UIInterfaceOrientationPortraitUpsideDown UIInterfaceOrientationLandscapeLeft UIInterfaceOrientationLandscapeRight";
				INFOPLIST_KEY_UISupportedInterfaceOrientations_iPhone = "UIInterfaceOrientationPortrait UIInterfaceOrientationLandscapeLeft UIInterfaceOrientationLandscapeRight";
				LD_RUNPATH_SEARCH_PATHS = (
					"$(inherited)",
					"@executable_path/Frameworks",
				);
				MARKETING_VERSION = 1.0;
				PRODUCT_BUNDLE_IDENTIFIER = kwk.todolistproject;
				PRODUCT_NAME = "$(TARGET_NAME)";
				SWIFT_EMIT_LOC_STRINGS = YES;
				SWIFT_VERSION = 5.0;
				TARGETED_DEVICE_FAMILY = "1,2";
			};
			name = Release;
		};
		BD0EDF3728941C750060F054 /* Debug */ = {
			isa = XCBuildConfiguration;
			buildSettings = {
				ALWAYS_EMBED_SWIFT_STANDARD_LIBRARIES = YES;
				BUNDLE_LOADER = "$(TEST_HOST)";
				CODE_SIGN_STYLE = Automatic;
				CURRENT_PROJECT_VERSION = 1;
				GENERATE_INFOPLIST_FILE = YES;
				IPHONEOS_DEPLOYMENT_TARGET = 15.5;
				MARKETING_VERSION = 1.0;
				PRODUCT_BUNDLE_IDENTIFIER = kwk.todolistprojectTests;
				PRODUCT_NAME = "$(TARGET_NAME)";
				SWIFT_EMIT_LOC_STRINGS = NO;
				SWIFT_VERSION = 5.0;
				TARGETED_DEVICE_FAMILY = "1,2";
				TEST_HOST = "$(BUILT_PRODUCTS_DIR)/todolistproject.app/todolistproject";
			};
			name = Debug;
		};
		BD0EDF3828941C750060F054 /* Release */ = {
			isa = XCBuildConfiguration;
			buildSettings = {
				ALWAYS_EMBED_SWIFT_STANDARD_LIBRARIES = YES;
				BUNDLE_LOADER = "$(TEST_HOST)";
				CODE_SIGN_STYLE = Automatic;
				CURRENT_PROJECT_VERSION = 1;
				GENERATE_INFOPLIST_FILE = YES;
				IPHONEOS_DEPLOYMENT_TARGET = 15.5;
				MARKETING_VERSION = 1.0;
				PRODUCT_BUNDLE_IDENTIFIER = kwk.todolistprojectTests;
				PRODUCT_NAME = "$(TARGET_NAME)";
				SWIFT_EMIT_LOC_STRINGS = NO;
				SWIFT_VERSION = 5.0;
				TARGETED_DEVICE_FAMILY = "1,2";
				TEST_HOST = "$(BUILT_PRODUCTS_DIR)/todolistproject.app/todolistproject";
			};
			name = Release;
		};
		BD0EDF3A28941C750060F054 /* Debug */ = {
			isa = XCBuildConfiguration;
			buildSettings = {
				ALWAYS_EMBED_SWIFT_STANDARD_LIBRARIES = YES;
				CODE_SIGN_STYLE = Automatic;
				CURRENT_PROJECT_VERSION = 1;
				GENERATE_INFOPLIST_FILE = YES;
				MARKETING_VERSION = 1.0;
				PRODUCT_BUNDLE_IDENTIFIER = kwk.todolistprojectUITests;
				PRODUCT_NAME = "$(TARGET_NAME)";
				SWIFT_EMIT_LOC_STRINGS = NO;
				SWIFT_VERSION = 5.0;
				TARGETED_DEVICE_FAMILY = "1,2";
				TEST_TARGET_NAME = todolistproject;
			};
			name = Debug;
		};
		BD0EDF3B28941C750060F054 /* Release */ = {
			isa = XCBuildConfiguration;
			buildSettings = {
				ALWAYS_EMBED_SWIFT_STANDARD_LIBRARIES = YES;
				CODE_SIGN_STYLE = Automatic;
				CURRENT_PROJECT_VERSION = 1;
				GENERATE_INFOPLIST_FILE = YES;
				MARKETING_VERSION = 1.0;
				PRODUCT_BUNDLE_IDENTIFIER = kwk.todolistprojectUITests;
				PRODUCT_NAME = "$(TARGET_NAME)";
				SWIFT_EMIT_LOC_STRINGS = NO;
				SWIFT_VERSION = 5.0;
				TARGETED_DEVICE_FAMILY = "1,2";
				TEST_TARGET_NAME = todolistproject;
			};
			name = Release;
		};
/* End XCBuildConfiguration section */

/* Begin XCConfigurationList section */
		BD0EDF0128941C730060F054 /* Build configuration list for PBXProject "todolistproject" */ = {
			isa = XCConfigurationList;
			buildConfigurations = (
				BD0EDF3128941C750060F054 /* Debug */,
				BD0EDF3228941C750060F054 /* Release */,
			);
			defaultConfigurationIsVisible = 0;
			defaultConfigurationName = Release;
		};
		BD0EDF3328941C750060F054 /* Build configuration list for PBXNativeTarget "todolistproject" */ = {
			isa = XCConfigurationList;
			buildConfigurations = (
				BD0EDF3428941C750060F054 /* Debug */,
				BD0EDF3528941C750060F054 /* Release */,
			);
			defaultConfigurationIsVisible = 0;
			defaultConfigurationName = Release;
		};
		BD0EDF3628941C750060F054 /* Build configuration list for PBXNativeTarget "todolistprojectTests" */ = {
			isa = XCConfigurationList;
			buildConfigurations = (
				BD0EDF3728941C750060F054 /* Debug */,
				BD0EDF3828941C750060F054 /* Release */,
			);
			defaultConfigurationIsVisible = 0;
			defaultConfigurationName = Release;
		};
		BD0EDF3928941C750060F054 /* Build configuration list for PBXNativeTarget "todolistprojectUITests" */ = {
			isa = XCConfigurationList;
			buildConfigurations = (
				BD0EDF3A28941C750060F054 /* Debug */,
				BD0EDF3B28941C750060F054 /* Release */,
			);
			defaultConfigurationIsVisible = 0;
			defaultConfigurationName = Release;
		};
/* End XCConfigurationList section */

/* Begin XCVersionGroup section */
		BD0EDF1228941C740060F054 /* todolistproject.xcdatamodeld */ = {
			isa = XCVersionGroup;
			children = (
				BD0EDF1328941C740060F054 /* todolistproject.xcdatamodel */,
			);
			currentVersion = BD0EDF1328941C740060F054 /* todolistproject.xcdatamodel */;
			path = todolistproject.xcdatamodeld;
			sourceTree = "<group>";
			versionGroupType = wrapper.xcdatamodel;
		};
/* End XCVersionGroup section */
	};
	rootObject = BD0EDEFE28941C730060F054 /* Project object */;
}
